
Microsoft Visual Studio Solution File, Format Version 12.00
# Visual Studio Version 17
VisualStudioVersion = 17.14.36705.20 d17.14
MinimumVisualStudioVersion = 10.0.40219.1
Project("{FAE04EC0-301F-11D3-BF4B-00C04F79EFBC}") = "DWD.UI.Portal", "DWD.UI.Portal\DWD.UI.Portal\DWD.UI.Portal.csproj", "{4A5DFA34-10C7-49FD-90D1-A813F633E4D5}"
EndProject
Project("{FAE04EC0-301F-11D3-BF4B-00C04F79EFBC}") = "DWD.UI.Portal.Client", "DWD.UI.Portal\DWD.UI.Portal.Client\DWD.UI.Portal.Client.csproj", "{BBBF8315-5AAE-4A66-8456-9743DCB2B145}"
EndProject
Global
	GlobalSection(SolutionConfigurationPlatforms) = preSolution
		Debug|Any CPU = Debug|Any CPU
		Release|Any CPU = Release|Any CPU
	EndGlobalSection
	GlobalSection(ProjectConfigurationPlatforms) = postSolution
		{4A5DFA34-10C7-49FD-90D1-A813F633E4D5}.Debug|Any CPU.ActiveCfg = Debug|Any CPU
		{4A5DFA34-10C7-49FD-90D1-A813F633E4D5}.Debug|Any CPU.Build.0 = Debug|Any CPU
		{4A5DFA34-10C7-49FD-90D1-A813F633E4D5}.Release|Any CPU.ActiveCfg = Release|Any CPU
		{4A5DFA34-10C7-49FD-90D1-A813F633E4D5}.Release|Any CPU.Build.0 = Release|Any CPU
		{BBBF8315-5AAE-4A66-8456-9743DCB2B145}.Debug|Any CPU.ActiveCfg = Debug|Any CPU
		{BBBF8315-5AAE-4A66-8456-9743DCB2B145}.Debug|Any CPU.Build.0 = Debug|Any CPU
		{BBBF8315-5AAE-4A66-8456-9743DCB2B145}.Release|Any CPU.ActiveCfg = Release|Any CPU
		{BBBF8315-5AAE-4A66-8456-9743DCB2B145}.Release|Any CPU.Build.0 = Release|Any CPU
	EndGlobalSection
	GlobalSection(SolutionProperties) = preSolution
		HideSolutionNode = FALSE
	EndGlobalSection
	GlobalSection(ExtensibilityGlobals) = postSolution
		SolutionGuid = {091E95B2-FA12-431C-BC2D-256A540A9EB6}
	EndGlobalSection
EndGlobal
